
Microsoft Visual Studio Solution File, Format Version 12.00
# Visual Studio Version 17
VisualStudioVersion = 17.0.32014.148
MinimumVisualStudioVersion = 10.0.40219.1
Project("{FAE04EC0-301F-11D3-BF4B-00C04F79EFBC}") = "MyGarage_Autoupdater_Client", "..\MyGarage_Autoupdater_Client\MyGarage_Autoupdater_Client.csproj", "{6A31BE0F-B021-464F-9C54-8B6FEE965FDF}"
EndProject
Global
	GlobalSection(SolutionConfigurationPlatforms) = preSolution
		Debug|Any CPU = Debug|Any CPU
		Release|Any CPU = Release|Any CPU
	EndGlobalSection
	GlobalSection(ProjectConfigurationPlatforms) = postSolution
		{6A31BE0F-B021-464F-9C54-8B6FEE965FDF}.Debug|Any CPU.ActiveCfg = Debug|Any CPU
		{6A31BE0F-B021-464F-9C54-8B6FEE965FDF}.Debug|Any CPU.Build.0 = Debug|Any CPU
		{6A31BE0F-B021-464F-9C54-8B6FEE965FDF}.Release|Any CPU.ActiveCfg = Release|Any CPU
		{6A31BE0F-B021-464F-9C54-8B6FEE965FDF}.Release|Any CPU.Build.0 = Release|Any CPU
	EndGlobalSection
	GlobalSection(SolutionProperties) = preSolution
		HideSolutionNode = FALSE
	EndGlobalSection
	GlobalSection(ExtensibilityGlobals) = postSolution
		SolutionGuid = {5B265EA3-F368-458A-BFF6-C605471BE871}
	EndGlobalSection
EndGlobal
